{
  "name": "9303_Khalilov_Shokhboz_3_src",
  "lockfileVersion": 3,
  "requires": true,
  "packages": {
    "": {
      "dependencies": {
        "rcss": "^0.1.5"
      },
      "devDependencies": {
        "@types/node": "^18.15.3"
      }
    },
    "node_modules/@types/node": {
      "version": "18.15.3",
      "resolved": "https://registry.npmjs.org/@types/node/-/node-18.15.3.tgz",
      "integrity": "sha512-p6ua9zBxz5otCmbpb5D3U4B5Nanw6Pk3PPyX05xnxbB/fRv71N7CPmORg7uAD5P70T0xmx1pzAx/FUfa5X+3cw==",
      "dev": true
    },
    "node_modules/charenc": {
      "version": "0.0.2",
      "resolved": "https://registry.npmjs.org/charenc/-/charenc-0.0.2.tgz",
      "integrity": "sha512-yrLQ/yVUFXkzg7EDQsPieE/53+0RlaWTs+wBrvW36cyilJ2SaDWfl4Yj7MtLTXleV9uEKefbAGUPv2/iWSooRA==",
      "engines": {
        "node": "*"
      }
    },
    "node_modules/crypt": {
      "version": "0.0.2",
      "resolved": "https://registry.npmjs.org/crypt/-/crypt-0.0.2.tgz",
      "integrity": "sha512-mCxBlsHFYh9C+HVpiEacem8FEBnMXgU9gy4zmNC+SXAZNB/1idgp/aulFJ4FgCi7GPEVbfyng092GqL2k2rmow==",
      "engines": {
        "node": "*"
      }
    },
    "node_modules/deep-extend": {
      "version": "0.2.11",
      "resolved": "https://registry.npmjs.org/deep-extend/-/deep-extend-0.2.11.tgz",
      "integrity": "sha512-t2N+4ihO7YgydJOUI47I6GdXpONJ+jUZmYeTNiifALaEduiCja1mKcq3tuSp0RhA9mMfxdMN3YskpwB7puMAtw==",
      "engines": {
        "node": ">=0.4"
      }
    },
    "node_modules/escape-html": {
      "version": "1.0.3",
      "resolved": "https://registry.npmjs.org/escape-html/-/escape-html-1.0.3.tgz",
      "integrity": "sha512-NiSupZ4OeuGwr68lGIeym/ksIZMJodUGOSCZ/FSnTxcrekbvqrgdUxlJOMpijaKZVjAJrWrGs/6Jy8OMuyj9ow=="
    },
    "node_modules/rcss": {
      "version": "0.1.5",
      "resolved": "https://registry.npmjs.org/rcss/-/rcss-0.1.5.tgz",
      "integrity": "sha512-UvvyhLmcUWeELPiRpQQZPJEBQK/a5jYwDx72pbC0IG/zMQuJz4GtQeBxfB9i7Z4uYQKVKRCf8th5vZ0qkAoltw==",
      "dependencies": {
        "deep-extend": "^0.2.11",
        "escape-html": "^1.0.1",
        "sha1": "^1.1.0",
        "valid-css-props": "0.0.5",
        "valid-media-queries": "0.0.3"
      }
    },
    "node_modules/sha1": {
      "version": "1.1.1",
      "resolved": "https://registry.npmjs.org/sha1/-/sha1-1.1.1.tgz",
      "integrity": "sha512-dZBS6OrMjtgVkopB1Gmo4RQCDKiZsqcpAQpkV/aaj+FCrCg8r4I4qMkDPQjBgLIxlmu9k4nUbWq6ohXahOneYA==",
      "dependencies": {
        "charenc": ">= 0.0.1",
        "crypt": ">= 0.0.1"
      },
      "engines": {
        "node": "*"
      }
    },
    "node_modules/valid-css-props": {
      "version": "0.0.5",
      "resolved": "https://registry.npmjs.org/valid-css-props/-/valid-css-props-0.0.5.tgz",
      "integrity": "sha512-nsRDJLCKGG4o9YCTIt5yU2c+hYH2eluJK7LHxrka5fWXLnCN1j61joBDPmBb+RHZeybZmU2oBjTEEXGX/W8PlA=="
    },
    "node_modules/valid-media-queries": {
      "version": "0.0.3",
      "resolved": "https://registry.npmjs.org/valid-media-queries/-/valid-media-queries-0.0.3.tgz",
      "integrity": "sha512-hxs+hr7ormbIej0qECvQiyAxk/Yh7anAzvbTLOWPW+f14FZQFK3Nil87oNdw6nz+tVsNK6lYjvYKgr0xEIkpsA=="
    }
  }
}
